
Microsoft Visual Studio Solution File, Format Version 12.00
# Visual Studio 2012
Project("{8BC9CEB8-8B4A-11D0-8D11-00A0C91BC942}") = "SCM", "SCM.vcxproj", "{0A90775A-78A3-4459-AC42-BE6C2257EEFF}"
EndProject
Global
	GlobalSection(SolutionConfigurationPlatforms) = preSolution
		Debug|Win32 = Debug|Win32
		Release|Win32 = Release|Win32
	EndGlobalSection
	GlobalSection(ProjectConfigurationPlatforms) = postSolution
		{0A90775A-78A3-4459-AC42-BE6C2257EEFF}.Debug|Win32.ActiveCfg = Debug|Win32
		{0A90775A-78A3-4459-AC42-BE6C2257EEFF}.Debug|Win32.Build.0 = Debug|Win32
		{0A90775A-78A3-4459-AC42-BE6C2257EEFF}.Release|Win32.ActiveCfg = Release|Win32
		{0A90775A-78A3-4459-AC42-BE6C2257EEFF}.Release|Win32.Build.0 = Release|Win32
	EndGlobalSection
	GlobalSection(SolutionProperties) = preSolution
		HideSolutionNode = FALSE
	EndGlobalSection
EndGlobal
