<?xml version="1.0" encoding="utf-8"?>
<Project ToolsVersion="4.0" xmlns="http://schemas.microsoft.com/developer/msbuild/2003">
  <ItemGroup>
    <Filter Include="Source Files">
      <UniqueIdentifier>{4FC737F1-C7A5-4376-A066-2A32D752A2FF}</UniqueIdentifier>
      <Extensions>cpp;c;cc;cxx;def;odl;idl;hpj;bat;asm;asmx</Extensions>
    </Filter>
    <Filter Include="Header Files">
      <UniqueIdentifier>{93995380-89BD-4b04-88EB-625FBE52EBFB}</UniqueIdentifier>
      <Extensions>h;hpp;hxx;hm;inl;inc;xsd</Extensions>
    </Filter>
    <Filter Include="Resource Files">
      <UniqueIdentifier>{67DA6AB6-F800-4c08-8B7A-83BB121AAD01}</UniqueIdentifier>
      <Extensions>rc;ico;cur;bmp;dlg;rc2;rct;bin;rgs;gif;jpg;jpeg;jpe;resx;tiff;tif;png;wav;mfcribbon-ms</Extensions>
    </Filter>
  </ItemGroup>
  <ItemGroup>
    <ClCompile Include="scm-cache.cpp">
      <Filter>Source Files</Filter>
    </ClCompile>
    <ClCompile Include="scm-file.cpp">
      <Filter>Source Files</Filter>
    </ClCompile>
    <ClCompile Include="scm-frame.cpp">
      <Filter>Source Files</Filter>
    </ClCompile>
    <ClCompile Include="scm-image.cpp">
      <Filter>Source Files</Filter>
    </ClCompile>
    <ClCompile Include="scm-index.cpp">
      <Filter>Source Files</Filter>
    </ClCompile>
    <ClCompile Include="scm-label.cpp">
      <Filter>Source Files</Filter>
    </ClCompile>
    <ClCompile Include="scm-log.cpp">
      <Filter>Source Files</Filter>
    </ClCompile>
    <ClCompile Include="scm-path.cpp">
      <Filter>Source Files</Filter>
    </ClCompile>
    <ClCompile Include="scm-render.cpp">
      <Filter>Source Files</Filter>
    </ClCompile>
    <ClCompile Include="scm-sample.cpp">
      <Filter>Source Files</Filter>
    </ClCompile>
    <ClCompile Include="scm-scene.cpp">
      <Filter>Source Files</Filter>
    </ClCompile>
    <ClCompile Include="scm-set.cpp">
      <Filter>Source Files</Filter>
    </ClCompile>
    <ClCompile Include="scm-sphere.cpp">
      <Filter>Source Files</Filter>
    </ClCompile>
    <ClCompile Include="scm-step.cpp">
      <Filter>Source Files</Filter>
    </ClCompile>
    <ClCompile Include="scm-system.cpp">
      <Filter>Source Files</Filter>
    </ClCompile>
    <ClCompile Include="scm-task.cpp">
      <Filter>Source Files</Filter>
    </ClCompile>
  </ItemGroup>
  <ItemGroup>
    <ClInclude Include="scm-cache.hpp">
      <Filter>Header Files</Filter>
    </ClInclude>
    <ClInclude Include="scm-fifo.hpp">
      <Filter>Header Files</Filter>
    </ClInclude>
    <ClInclude Include="scm-file.hpp">
      <Filter>Header Files</Filter>
    </ClInclude>
    <ClInclude Include="scm-frame.hpp">
      <Filter>Header Files</Filter>
    </ClInclude>
    <ClInclude Include="scm-guard.hpp">
      <Filter>Header Files</Filter>
    </ClInclude>
    <ClInclude Include="scm-image.hpp">
      <Filter>Header Files</Filter>
    </ClInclude>
    <ClInclude Include="scm-index.hpp">
      <Filter>Header Files</Filter>
    </ClInclude>
    <ClInclude Include="scm-item.hpp">
      <Filter>Header Files</Filter>
    </ClInclude>
    <ClInclude Include="scm-label-font.h">
      <Filter>Header Files</Filter>
    </ClInclude>
    <ClInclude Include="scm-label-icons.h">
      <Filter>Header Files</Filter>
    </ClInclude>
    <ClInclude Include="scm-label.hpp">
      <Filter>Header Files</Filter>
    </ClInclude>
    <ClInclude Include="scm-log.hpp">
      <Filter>Header Files</Filter>
    </ClInclude>
    <ClInclude Include="scm-path.hpp">
      <Filter>Header Files</Filter>
    </ClInclude>
    <ClInclude Include="scm-queue.hpp">
      <Filter>Header Files</Filter>
    </ClInclude>
    <ClInclude Include="scm-render.hpp">
      <Filter>Header Files</Filter>
    </ClInclude>
    <ClInclude Include="scm-sample.hpp">
      <Filter>Header Files</Filter>
    </ClInclude>
    <ClInclude Include="scm-scene.hpp">
      <Filter>Header Files</Filter>
    </ClInclude>
    <ClInclude Include="scm-set.hpp">
      <Filter>Header Files</Filter>
    </ClInclude>
    <ClInclude Include="scm-sphere.hpp">
      <Filter>Header Files</Filter>
    </ClInclude>
    <ClInclude Include="scm-step.hpp">
      <Filter>Header Files</Filter>
    </ClInclude>
    <ClInclude Include="scm-system.hpp">
      <Filter>Header Files</Filter>
    </ClInclude>
    <ClInclude Include="scm-task.hpp">
      <Filter>Header Files</Filter>
    </ClInclude>
    <ClInclude Include="scm-label-circle-frag.h">
      <Filter>Header Files</Filter>
    </ClInclude>
    <ClInclude Include="scm-label-circle-vert.h">
      <Filter>Header Files</Filter>
    </ClInclude>
    <ClInclude Include="scm-label-sprite-frag.h">
      <Filter>Header Files</Filter>
    </ClInclude>
    <ClInclude Include="scm-label-sprite-vert.h">
      <Filter>Header Files</Filter>
    </ClInclude>
    <ClInclude Include="scm-render-blur-frag.h">
      <Filter>Header Files</Filter>
    </ClInclude>
    <ClInclude Include="scm-render-blur-vert.h">
      <Filter>Header Files</Filter>
    </ClInclude>
    <ClInclude Include="scm-render-both-frag.h">
      <Filter>Header Files</Filter>
    </ClInclude>
    <ClInclude Include="scm-render-both-vert.h">
      <Filter>Header Files</Filter>
    </ClInclude>
    <ClInclude Include="scm-render-fade-frag.h">
      <Filter>Header Files</Filter>
    </ClInclude>
    <ClInclude Include="scm-render-fade-vert.h">
      <Filter>Header Files</Filter>
    </ClInclude>
  </ItemGroup>
</Project>